
Microsoft Visual Studio Solution File, Format Version 12.00
# Visual Studio Version 16
VisualStudioVersion = 16.0.29609.76
MinimumVisualStudioVersion = 10.0.40219.1
Project("{2150E333-8FDC-42A3-9474-1A3956D46DE8}") = "01.Framework", "01.Framework", "{38B3C122-F2A4-4739-B3B4-509ECC0A944E}"
EndProject
Project("{9A19103F-16F7-4668-BE54-9A1E7A4F7556}") = "Yan.Core", "Yan.Core\Yan.Core.csproj", "{7583D38A-08E3-418D-A1EC-A95FAB99F6DE}"
EndProject
Project("{9A19103F-16F7-4668-BE54-9A1E7A4F7556}") = "Yan.Domain.Abstractions", "Yan.Domain.Abstractions\Yan.Domain.Abstractions.csproj", "{F3586E7A-1F2F-4258-B196-6A2B852F8F53}"
EndProject
Project("{9A19103F-16F7-4668-BE54-9A1E7A4F7556}") = "Yan.Infrastructure.Core", "Yan.Infrastructure.Core\Yan.Infrastructure.Core.csproj", "{217DACBF-C1CA-4679-8430-6C3EE34976EE}"
EndProject
Project("{2150E333-8FDC-42A3-9474-1A3956D46DE8}") = "02.ApiGateway", "02.ApiGateway", "{BD519D2F-F54E-4B96-99E4-FBF4211B54C9}"
EndProject
Project("{2150E333-8FDC-42A3-9474-1A3956D46DE8}") = "04.MicorServices", "04.MicorServices", "{A9DA2B85-A0FD-4AA3-81E6-EE286B58CE3C}"
EndProject
Project("{2150E333-8FDC-42A3-9474-1A3956D46DE8}") = "01.SystemManagement", "01.SystemManagement", "{7E13F4DC-06FF-44DD-A594-620AD22717F1}"
EndProject
Project("{2150E333-8FDC-42A3-9474-1A3956D46DE8}") = "02.ArticleManagement", "02.ArticleManagement", "{76070BA4-2F2B-4CEB-977D-11A3CF8CCE2B}"
EndProject
Project("{9A19103F-16F7-4668-BE54-9A1E7A4F7556}") = "Yan.ArticleService.Domain", "Yan.ArticleService.Domain\Yan.ArticleService.Domain.csproj", "{16EAC290-6738-44C5-9CF1-16DA78F89A2C}"
EndProject
Project("{9A19103F-16F7-4668-BE54-9A1E7A4F7556}") = "Yan.ArticleService.Infrastructure", "Yan.ArticleService.Infrastructure\Yan.ArticleService.Infrastructure.csproj", "{E797C3F6-BE56-490A-A343-E2A320DB245C}"
EndProject
Project("{9A19103F-16F7-4668-BE54-9A1E7A4F7556}") = "Yan.ArticleService.API", "Yan.ArticleService.API\Yan.ArticleService.API.csproj", "{2CAE4985-5F2B-42E7-8037-12B05B7E3172}"
EndProject
Project("{2150E333-8FDC-42A3-9474-1A3956D46DE8}") = "05.Client", "05.Client", "{76CD9C5B-515C-42C9-90C4-EF2A6A4A5502}"
EndProject
Project("{9A19103F-16F7-4668-BE54-9A1E7A4F7556}") = "Yan.MvcClient", "Yan.MvcClient\Yan.MvcClient.csproj", "{71900B98-BEC9-4594-827A-D3748C8A8B70}"
EndProject
Project("{9A19103F-16F7-4668-BE54-9A1E7A4F7556}") = "Yan.Gateway", "Yan.Gateway\Yan.Gateway.csproj", "{35D20080-839C-403D-B16B-FF4EDADE5829}"
EndProject
Project("{2150E333-8FDC-42A3-9474-1A3956D46DE8}") = "03.Idp", "03.Idp", "{43BECE9E-6446-4DE7-9A5D-03ADA1A85519}"
EndProject
Project("{9A19103F-16F7-4668-BE54-9A1E7A4F7556}") = "Yan.Idp", "Yan.Idp\Yan.Idp.csproj", "{64155CE7-65D6-49B7-95E0-56F8FC6E5F27}"
EndProject
Project("{2150E333-8FDC-42A3-9474-1A3956D46DE8}") = "Common", "Common", "{765107D4-33A7-4D17-9A6D-32CC82A74535}"
EndProject
Project("{9A19103F-16F7-4668-BE54-9A1E7A4F7556}") = "Yan.Consul", "Yan.Consul\Yan.Consul.csproj", "{EFB584C3-DBC9-4A99-89AF-C72F8ABF2A89}"
EndProject
Project("{2150E333-8FDC-42A3-9474-1A3956D46DE8}") = "06.DemoApi", "06.DemoApi", "{CC5A024C-2FE6-4049-A4D9-3C5DAC21AF6F}"
EndProject
Project("{9A19103F-16F7-4668-BE54-9A1E7A4F7556}") = "Yan.DemoAPI", "Yan.DemoAPI\Yan.DemoAPI.csproj", "{64A7D195-0C2E-4CA8-8CE0-5B0EB9998793}"
EndProject
Project("{9A19103F-16F7-4668-BE54-9A1E7A4F7556}") = "Yan.Dapper", "Yan.Dapper\Yan.Dapper.csproj", "{608D0302-3DFA-4596-8ED6-8FBB8E96946B}"
EndProject
Project("{9A19103F-16F7-4668-BE54-9A1E7A4F7556}") = "Yan.SystemService.API", "Yan.SystemService.API\Yan.SystemService.API.csproj", "{0EC2BFA1-2371-42F2-B2B3-4AE2FFDDE7CC}"
EndProject
Project("{9A19103F-16F7-4668-BE54-9A1E7A4F7556}") = "Yan.SystemService.Domain", "Yan.SystemService.Domain\Yan.SystemService.Domain.csproj", "{9194FAEB-7819-430A-9024-779A50FB8418}"
EndProject
Project("{9A19103F-16F7-4668-BE54-9A1E7A4F7556}") = "Yan.SystemService.Infrastructure", "Yan.SystemService.Infrastructure\Yan.SystemService.Infrastructure.csproj", "{B333C7BA-83C0-4F21-92F6-83E4964D5282}"
EndProject
Project("{9A19103F-16F7-4668-BE54-9A1E7A4F7556}") = "Yan.Utility", "Yan.Utility\Yan.Utility.csproj", "{E314FB26-2C82-486E-ADBD-B465B7C8F46A}"
EndProject
Project("{9A19103F-16F7-4668-BE54-9A1E7A4F7556}") = "Yan.EventBus", "Yan.EventBus\Yan.EventBus.csproj", "{024A1B4A-6E8D-40DF-BD39-49C02C6BF03F}"
EndProject
Project("{9A19103F-16F7-4668-BE54-9A1E7A4F7556}") = "Yan.Redis", "Yan.Redis\Yan.Redis.csproj", "{0AE48A4F-86E6-4FCA-B04E-E606F4FEE712}"
EndProject
Project("{FAE04EC0-301F-11D3-BF4B-00C04F79EFBC}") = "Yan.Demo2", "Yan.Demo2\Yan.Demo2.csproj", "{15832C03-012A-4A20-AA52-DB8F858126EB}"
EndProject
Project("{2150E333-8FDC-42A3-9474-1A3956D46DE8}") = "03.BillManagement", "03.BillManagement", "{64FE678E-36CA-4B14-B3E3-010692EF8B64}"
EndProject
Project("{9A19103F-16F7-4668-BE54-9A1E7A4F7556}") = "Yan.BillService.Domain", "Yan.BillService.Domain\Yan.BillService.Domain.csproj", "{BA4D4936-3603-4560-810F-115CB8988C40}"
EndProject
Project("{9A19103F-16F7-4668-BE54-9A1E7A4F7556}") = "Yan.BillService.Infrastructure", "Yan.BillService.Infrastructure\Yan.BillService.Infrastructure.csproj", "{C8D7E423-9E3E-467B-B25F-6BA2F51E321F}"
EndProject
Project("{9A19103F-16F7-4668-BE54-9A1E7A4F7556}") = "Yan.BillService.API", "Yan.BillService.API\Yan.BillService.API.csproj", "{4D6127F7-A6E2-4FD0-A755-01C9B26FBD05}"
EndProject
Project("{9A19103F-16F7-4668-BE54-9A1E7A4F7556}") = "Yan.Job", "Yan.Job\Yan.Job.csproj", "{9F48F0F4-2906-438E-A258-40908FC6FB42}"
EndProject
Project("{9A19103F-16F7-4668-BE54-9A1E7A4F7556}") = "Yan.DapperCore", "Yan.DapperCore\Yan.DapperCore.csproj", "{08E75192-BC22-43FC-A0B1-1ECF6F5B3006}"
EndProject
Global
	GlobalSection(SolutionConfigurationPlatforms) = preSolution
		Debug|Any CPU = Debug|Any CPU
		Release|Any CPU = Release|Any CPU
	EndGlobalSection
	GlobalSection(ProjectConfigurationPlatforms) = postSolution
		{7583D38A-08E3-418D-A1EC-A95FAB99F6DE}.Debug|Any CPU.ActiveCfg = Debug|Any CPU
		{7583D38A-08E3-418D-A1EC-A95FAB99F6DE}.Debug|Any CPU.Build.0 = Debug|Any CPU
		{7583D38A-08E3-418D-A1EC-A95FAB99F6DE}.Release|Any CPU.ActiveCfg = Release|Any CPU
		{7583D38A-08E3-418D-A1EC-A95FAB99F6DE}.Release|Any CPU.Build.0 = Release|Any CPU
		{F3586E7A-1F2F-4258-B196-6A2B852F8F53}.Debug|Any CPU.ActiveCfg = Debug|Any CPU
		{F3586E7A-1F2F-4258-B196-6A2B852F8F53}.Debug|Any CPU.Build.0 = Debug|Any CPU
		{F3586E7A-1F2F-4258-B196-6A2B852F8F53}.Release|Any CPU.ActiveCfg = Release|Any CPU
		{F3586E7A-1F2F-4258-B196-6A2B852F8F53}.Release|Any CPU.Build.0 = Release|Any CPU
		{217DACBF-C1CA-4679-8430-6C3EE34976EE}.Debug|Any CPU.ActiveCfg = Debug|Any CPU
		{217DACBF-C1CA-4679-8430-6C3EE34976EE}.Debug|Any CPU.Build.0 = Debug|Any CPU
		{217DACBF-C1CA-4679-8430-6C3EE34976EE}.Release|Any CPU.ActiveCfg = Release|Any CPU
		{217DACBF-C1CA-4679-8430-6C3EE34976EE}.Release|Any CPU.Build.0 = Release|Any CPU
		{16EAC290-6738-44C5-9CF1-16DA78F89A2C}.Debug|Any CPU.ActiveCfg = Debug|Any CPU
		{16EAC290-6738-44C5-9CF1-16DA78F89A2C}.Debug|Any CPU.Build.0 = Debug|Any CPU
		{16EAC290-6738-44C5-9CF1-16DA78F89A2C}.Release|Any CPU.ActiveCfg = Release|Any CPU
		{16EAC290-6738-44C5-9CF1-16DA78F89A2C}.Release|Any CPU.Build.0 = Release|Any CPU
		{E797C3F6-BE56-490A-A343-E2A320DB245C}.Debug|Any CPU.ActiveCfg = Debug|Any CPU
		{E797C3F6-BE56-490A-A343-E2A320DB245C}.Debug|Any CPU.Build.0 = Debug|Any CPU
		{E797C3F6-BE56-490A-A343-E2A320DB245C}.Release|Any CPU.ActiveCfg = Release|Any CPU
		{E797C3F6-BE56-490A-A343-E2A320DB245C}.Release|Any CPU.Build.0 = Release|Any CPU
		{2CAE4985-5F2B-42E7-8037-12B05B7E3172}.Debug|Any CPU.ActiveCfg = Debug|Any CPU
		{2CAE4985-5F2B-42E7-8037-12B05B7E3172}.Debug|Any CPU.Build.0 = Debug|Any CPU
		{2CAE4985-5F2B-42E7-8037-12B05B7E3172}.Release|Any CPU.ActiveCfg = Release|Any CPU
		{2CAE4985-5F2B-42E7-8037-12B05B7E3172}.Release|Any CPU.Build.0 = Release|Any CPU
		{71900B98-BEC9-4594-827A-D3748C8A8B70}.Debug|Any CPU.ActiveCfg = Debug|Any CPU
		{71900B98-BEC9-4594-827A-D3748C8A8B70}.Debug|Any CPU.Build.0 = Debug|Any CPU
		{71900B98-BEC9-4594-827A-D3748C8A8B70}.Release|Any CPU.ActiveCfg = Release|Any CPU
		{71900B98-BEC9-4594-827A-D3748C8A8B70}.Release|Any CPU.Build.0 = Release|Any CPU
		{35D20080-839C-403D-B16B-FF4EDADE5829}.Debug|Any CPU.ActiveCfg = Debug|Any CPU
		{35D20080-839C-403D-B16B-FF4EDADE5829}.Debug|Any CPU.Build.0 = Debug|Any CPU
		{35D20080-839C-403D-B16B-FF4EDADE5829}.Release|Any CPU.ActiveCfg = Release|Any CPU
		{35D20080-839C-403D-B16B-FF4EDADE5829}.Release|Any CPU.Build.0 = Release|Any CPU
		{64155CE7-65D6-49B7-95E0-56F8FC6E5F27}.Debug|Any CPU.ActiveCfg = Debug|Any CPU
		{64155CE7-65D6-49B7-95E0-56F8FC6E5F27}.Debug|Any CPU.Build.0 = Debug|Any CPU
		{64155CE7-65D6-49B7-95E0-56F8FC6E5F27}.Release|Any CPU.ActiveCfg = Release|Any CPU
		{64155CE7-65D6-49B7-95E0-56F8FC6E5F27}.Release|Any CPU.Build.0 = Release|Any CPU
		{EFB584C3-DBC9-4A99-89AF-C72F8ABF2A89}.Debug|Any CPU.ActiveCfg = Debug|Any CPU
		{EFB584C3-DBC9-4A99-89AF-C72F8ABF2A89}.Debug|Any CPU.Build.0 = Debug|Any CPU
		{EFB584C3-DBC9-4A99-89AF-C72F8ABF2A89}.Release|Any CPU.ActiveCfg = Release|Any CPU
		{EFB584C3-DBC9-4A99-89AF-C72F8ABF2A89}.Release|Any CPU.Build.0 = Release|Any CPU
		{64A7D195-0C2E-4CA8-8CE0-5B0EB9998793}.Debug|Any CPU.ActiveCfg = Debug|Any CPU
		{64A7D195-0C2E-4CA8-8CE0-5B0EB9998793}.Debug|Any CPU.Build.0 = Debug|Any CPU
		{64A7D195-0C2E-4CA8-8CE0-5B0EB9998793}.Release|Any CPU.ActiveCfg = Release|Any CPU
		{64A7D195-0C2E-4CA8-8CE0-5B0EB9998793}.Release|Any CPU.Build.0 = Release|Any CPU
		{608D0302-3DFA-4596-8ED6-8FBB8E96946B}.Debug|Any CPU.ActiveCfg = Debug|Any CPU
		{608D0302-3DFA-4596-8ED6-8FBB8E96946B}.Debug|Any CPU.Build.0 = Debug|Any CPU
		{608D0302-3DFA-4596-8ED6-8FBB8E96946B}.Release|Any CPU.ActiveCfg = Release|Any CPU
		{608D0302-3DFA-4596-8ED6-8FBB8E96946B}.Release|Any CPU.Build.0 = Release|Any CPU
		{0EC2BFA1-2371-42F2-B2B3-4AE2FFDDE7CC}.Debug|Any CPU.ActiveCfg = Debug|Any CPU
		{0EC2BFA1-2371-42F2-B2B3-4AE2FFDDE7CC}.Debug|Any CPU.Build.0 = Debug|Any CPU
		{0EC2BFA1-2371-42F2-B2B3-4AE2FFDDE7CC}.Release|Any CPU.ActiveCfg = Release|Any CPU
		{0EC2BFA1-2371-42F2-B2B3-4AE2FFDDE7CC}.Release|Any CPU.Build.0 = Release|Any CPU
		{9194FAEB-7819-430A-9024-779A50FB8418}.Debug|Any CPU.ActiveCfg = Debug|Any CPU
		{9194FAEB-7819-430A-9024-779A50FB8418}.Debug|Any CPU.Build.0 = Debug|Any CPU
		{9194FAEB-7819-430A-9024-779A50FB8418}.Release|Any CPU.ActiveCfg = Release|Any CPU
		{9194FAEB-7819-430A-9024-779A50FB8418}.Release|Any CPU.Build.0 = Release|Any CPU
		{B333C7BA-83C0-4F21-92F6-83E4964D5282}.Debug|Any CPU.ActiveCfg = Debug|Any CPU
		{B333C7BA-83C0-4F21-92F6-83E4964D5282}.Debug|Any CPU.Build.0 = Debug|Any CPU
		{B333C7BA-83C0-4F21-92F6-83E4964D5282}.Release|Any CPU.ActiveCfg = Release|Any CPU
		{B333C7BA-83C0-4F21-92F6-83E4964D5282}.Release|Any CPU.Build.0 = Release|Any CPU
		{E314FB26-2C82-486E-ADBD-B465B7C8F46A}.Debug|Any CPU.ActiveCfg = Debug|Any CPU
		{E314FB26-2C82-486E-ADBD-B465B7C8F46A}.Debug|Any CPU.Build.0 = Debug|Any CPU
		{E314FB26-2C82-486E-ADBD-B465B7C8F46A}.Release|Any CPU.ActiveCfg = Release|Any CPU
		{E314FB26-2C82-486E-ADBD-B465B7C8F46A}.Release|Any CPU.Build.0 = Release|Any CPU
		{024A1B4A-6E8D-40DF-BD39-49C02C6BF03F}.Debug|Any CPU.ActiveCfg = Debug|Any CPU
		{024A1B4A-6E8D-40DF-BD39-49C02C6BF03F}.Debug|Any CPU.Build.0 = Debug|Any CPU
		{024A1B4A-6E8D-40DF-BD39-49C02C6BF03F}.Release|Any CPU.ActiveCfg = Release|Any CPU
		{024A1B4A-6E8D-40DF-BD39-49C02C6BF03F}.Release|Any CPU.Build.0 = Release|Any CPU
		{0AE48A4F-86E6-4FCA-B04E-E606F4FEE712}.Debug|Any CPU.ActiveCfg = Debug|Any CPU
		{0AE48A4F-86E6-4FCA-B04E-E606F4FEE712}.Debug|Any CPU.Build.0 = Debug|Any CPU
		{0AE48A4F-86E6-4FCA-B04E-E606F4FEE712}.Release|Any CPU.ActiveCfg = Release|Any CPU
		{0AE48A4F-86E6-4FCA-B04E-E606F4FEE712}.Release|Any CPU.Build.0 = Release|Any CPU
		{15832C03-012A-4A20-AA52-DB8F858126EB}.Debug|Any CPU.ActiveCfg = Debug|Any CPU
		{15832C03-012A-4A20-AA52-DB8F858126EB}.Debug|Any CPU.Build.0 = Debug|Any CPU
		{15832C03-012A-4A20-AA52-DB8F858126EB}.Release|Any CPU.ActiveCfg = Release|Any CPU
		{15832C03-012A-4A20-AA52-DB8F858126EB}.Release|Any CPU.Build.0 = Release|Any CPU
		{BA4D4936-3603-4560-810F-115CB8988C40}.Debug|Any CPU.ActiveCfg = Debug|Any CPU
		{BA4D4936-3603-4560-810F-115CB8988C40}.Debug|Any CPU.Build.0 = Debug|Any CPU
		{BA4D4936-3603-4560-810F-115CB8988C40}.Release|Any CPU.ActiveCfg = Release|Any CPU
		{BA4D4936-3603-4560-810F-115CB8988C40}.Release|Any CPU.Build.0 = Release|Any CPU
		{C8D7E423-9E3E-467B-B25F-6BA2F51E321F}.Debug|Any CPU.ActiveCfg = Debug|Any CPU
		{C8D7E423-9E3E-467B-B25F-6BA2F51E321F}.Debug|Any CPU.Build.0 = Debug|Any CPU
		{C8D7E423-9E3E-467B-B25F-6BA2F51E321F}.Release|Any CPU.ActiveCfg = Release|Any CPU
		{C8D7E423-9E3E-467B-B25F-6BA2F51E321F}.Release|Any CPU.Build.0 = Release|Any CPU
		{4D6127F7-A6E2-4FD0-A755-01C9B26FBD05}.Debug|Any CPU.ActiveCfg = Debug|Any CPU
		{4D6127F7-A6E2-4FD0-A755-01C9B26FBD05}.Debug|Any CPU.Build.0 = Debug|Any CPU
		{4D6127F7-A6E2-4FD0-A755-01C9B26FBD05}.Release|Any CPU.ActiveCfg = Release|Any CPU
		{4D6127F7-A6E2-4FD0-A755-01C9B26FBD05}.Release|Any CPU.Build.0 = Release|Any CPU
		{9F48F0F4-2906-438E-A258-40908FC6FB42}.Debug|Any CPU.ActiveCfg = Debug|Any CPU
		{9F48F0F4-2906-438E-A258-40908FC6FB42}.Debug|Any CPU.Build.0 = Debug|Any CPU
		{9F48F0F4-2906-438E-A258-40908FC6FB42}.Release|Any CPU.ActiveCfg = Release|Any CPU
		{9F48F0F4-2906-438E-A258-40908FC6FB42}.Release|Any CPU.Build.0 = Release|Any CPU
		{08E75192-BC22-43FC-A0B1-1ECF6F5B3006}.Debug|Any CPU.ActiveCfg = Debug|Any CPU
		{08E75192-BC22-43FC-A0B1-1ECF6F5B3006}.Debug|Any CPU.Build.0 = Debug|Any CPU
		{08E75192-BC22-43FC-A0B1-1ECF6F5B3006}.Release|Any CPU.ActiveCfg = Release|Any CPU
		{08E75192-BC22-43FC-A0B1-1ECF6F5B3006}.Release|Any CPU.Build.0 = Release|Any CPU
	EndGlobalSection
	GlobalSection(SolutionProperties) = preSolution
		HideSolutionNode = FALSE
	EndGlobalSection
	GlobalSection(NestedProjects) = preSolution
		{7583D38A-08E3-418D-A1EC-A95FAB99F6DE} = {38B3C122-F2A4-4739-B3B4-509ECC0A944E}
		{F3586E7A-1F2F-4258-B196-6A2B852F8F53} = {38B3C122-F2A4-4739-B3B4-509ECC0A944E}
		{217DACBF-C1CA-4679-8430-6C3EE34976EE} = {38B3C122-F2A4-4739-B3B4-509ECC0A944E}
		{7E13F4DC-06FF-44DD-A594-620AD22717F1} = {A9DA2B85-A0FD-4AA3-81E6-EE286B58CE3C}
		{76070BA4-2F2B-4CEB-977D-11A3CF8CCE2B} = {A9DA2B85-A0FD-4AA3-81E6-EE286B58CE3C}
		{16EAC290-6738-44C5-9CF1-16DA78F89A2C} = {76070BA4-2F2B-4CEB-977D-11A3CF8CCE2B}
		{E797C3F6-BE56-490A-A343-E2A320DB245C} = {76070BA4-2F2B-4CEB-977D-11A3CF8CCE2B}
		{2CAE4985-5F2B-42E7-8037-12B05B7E3172} = {76070BA4-2F2B-4CEB-977D-11A3CF8CCE2B}
		{71900B98-BEC9-4594-827A-D3748C8A8B70} = {76CD9C5B-515C-42C9-90C4-EF2A6A4A5502}
		{35D20080-839C-403D-B16B-FF4EDADE5829} = {BD519D2F-F54E-4B96-99E4-FBF4211B54C9}
		{64155CE7-65D6-49B7-95E0-56F8FC6E5F27} = {43BECE9E-6446-4DE7-9A5D-03ADA1A85519}
		{765107D4-33A7-4D17-9A6D-32CC82A74535} = {38B3C122-F2A4-4739-B3B4-509ECC0A944E}
		{EFB584C3-DBC9-4A99-89AF-C72F8ABF2A89} = {765107D4-33A7-4D17-9A6D-32CC82A74535}
		{64A7D195-0C2E-4CA8-8CE0-5B0EB9998793} = {CC5A024C-2FE6-4049-A4D9-3C5DAC21AF6F}
		{608D0302-3DFA-4596-8ED6-8FBB8E96946B} = {765107D4-33A7-4D17-9A6D-32CC82A74535}
		{0EC2BFA1-2371-42F2-B2B3-4AE2FFDDE7CC} = {7E13F4DC-06FF-44DD-A594-620AD22717F1}
		{9194FAEB-7819-430A-9024-779A50FB8418} = {7E13F4DC-06FF-44DD-A594-620AD22717F1}
		{B333C7BA-83C0-4F21-92F6-83E4964D5282} = {7E13F4DC-06FF-44DD-A594-620AD22717F1}
		{E314FB26-2C82-486E-ADBD-B465B7C8F46A} = {765107D4-33A7-4D17-9A6D-32CC82A74535}
		{024A1B4A-6E8D-40DF-BD39-49C02C6BF03F} = {765107D4-33A7-4D17-9A6D-32CC82A74535}
		{0AE48A4F-86E6-4FCA-B04E-E606F4FEE712} = {765107D4-33A7-4D17-9A6D-32CC82A74535}
		{15832C03-012A-4A20-AA52-DB8F858126EB} = {CC5A024C-2FE6-4049-A4D9-3C5DAC21AF6F}
		{64FE678E-36CA-4B14-B3E3-010692EF8B64} = {A9DA2B85-A0FD-4AA3-81E6-EE286B58CE3C}
		{BA4D4936-3603-4560-810F-115CB8988C40} = {64FE678E-36CA-4B14-B3E3-010692EF8B64}
		{C8D7E423-9E3E-467B-B25F-6BA2F51E321F} = {64FE678E-36CA-4B14-B3E3-010692EF8B64}
		{4D6127F7-A6E2-4FD0-A755-01C9B26FBD05} = {64FE678E-36CA-4B14-B3E3-010692EF8B64}
		{9F48F0F4-2906-438E-A258-40908FC6FB42} = {765107D4-33A7-4D17-9A6D-32CC82A74535}
		{08E75192-BC22-43FC-A0B1-1ECF6F5B3006} = {765107D4-33A7-4D17-9A6D-32CC82A74535}
	EndGlobalSection
	GlobalSection(ExtensibilityGlobals) = postSolution
		SolutionGuid = {2B8BB4AF-2990-4BA1-8C0E-64C70A1AC864}
	EndGlobalSection
EndGlobal
